
Microsoft Visual Studio Solution File, Format Version 12.00
# Visual Studio Version 16
VisualStudioVersion = 16.0.29102.190
MinimumVisualStudioVersion = 10.0.40219.1
Project("{9A19103F-16F7-4668-BE54-9A1E7A4F7556}") = "Kull.Data", "Kull.Data\Kull.Data.csproj", "{82C2A87C-B828-4A3E-8B82-96252CB6A45D}"
EndProject
Project("{FAE04EC0-301F-11D3-BF4B-00C04F79EFBC}") = "Kull.Data.Test", "Kull.Data.Test\Kull.Data.Test.csproj", "{BAC4AAA0-CF1B-4E93-ACC2-23FC0F088395}"
EndProject
Global
	GlobalSection(SolutionConfigurationPlatforms) = preSolution
		Debug|Any CPU = Debug|Any CPU
		Release|Any CPU = Release|Any CPU
	EndGlobalSection
	GlobalSection(ProjectConfigurationPlatforms) = postSolution
		{82C2A87C-B828-4A3E-8B82-96252CB6A45D}.Debug|Any CPU.ActiveCfg = Debug|Any CPU
		{82C2A87C-B828-4A3E-8B82-96252CB6A45D}.Debug|Any CPU.Build.0 = Debug|Any CPU
		{82C2A87C-B828-4A3E-8B82-96252CB6A45D}.Release|Any CPU.ActiveCfg = Release|Any CPU
		{82C2A87C-B828-4A3E-8B82-96252CB6A45D}.Release|Any CPU.Build.0 = Release|Any CPU
		{BAC4AAA0-CF1B-4E93-ACC2-23FC0F088395}.Debug|Any CPU.ActiveCfg = Debug|Any CPU
		{BAC4AAA0-CF1B-4E93-ACC2-23FC0F088395}.Debug|Any CPU.Build.0 = Debug|Any CPU
		{BAC4AAA0-CF1B-4E93-ACC2-23FC0F088395}.Release|Any CPU.ActiveCfg = Release|Any CPU
		{BAC4AAA0-CF1B-4E93-ACC2-23FC0F088395}.Release|Any CPU.Build.0 = Release|Any CPU
	EndGlobalSection
	GlobalSection(SolutionProperties) = preSolution
		HideSolutionNode = FALSE
	EndGlobalSection
	GlobalSection(ExtensibilityGlobals) = postSolution
		SolutionGuid = {FF76E2C1-518C-4791-BFE6-29E8DA460923}
	EndGlobalSection
	GlobalSection(TeamFoundationVersionControl) = preSolution
		SccNumberOfProjects = 2
		SccEnterpriseProvider = {4CA58AB2-18FA-4F8D-95D4-32DDF27D184C}
		SccTeamFoundationServer = https://tfs.kull.ch/kullprojects
		SccProjectUniqueName0 = Kull.Data\\Kull.Data.csproj
		SccProjectName0 = Kull.Data
		SccAuxPath0 = https://tfs.kull.ch/kullprojects
		SccLocalPath0 = Kull.Data
		SccProvider0 = {4CA58AB2-18FA-4F8D-95D4-32DDF27D184C}
		SccProjectUniqueName1 = Kull.Data.Test\\Kull.Data.Test.csproj
		SccProjectName1 = Kull.Data.Test
		SccAuxPath1 = https://tfs.kull.ch/kullprojects
		SccLocalPath1 = Kull.Data.Test
		SccProvider1 = {4CA58AB2-18FA-4F8D-95D4-32DDF27D184C}
	EndGlobalSection
EndGlobal
